
Microsoft Visual Studio Solution File, Format Version 12.00
# Visual Studio 2012
Project("{8BC9CEB8-8B4A-11D0-8D11-00A0C91BC942}") = "Home_Task_12.04.2013", "Home_Task_12.04.2013.vcxproj", "{CCB29D35-716F-4251-903F-4CA2A86FFA71}"
EndProject
Global
	GlobalSection(SolutionConfigurationPlatforms) = preSolution
		Debug|Win32 = Debug|Win32
		Release|Win32 = Release|Win32
	EndGlobalSection
	GlobalSection(ProjectConfigurationPlatforms) = postSolution
		{CCB29D35-716F-4251-903F-4CA2A86FFA71}.Debug|Win32.ActiveCfg = Debug|Win32
		{CCB29D35-716F-4251-903F-4CA2A86FFA71}.Debug|Win32.Build.0 = Debug|Win32
		{CCB29D35-716F-4251-903F-4CA2A86FFA71}.Release|Win32.ActiveCfg = Release|Win32
		{CCB29D35-716F-4251-903F-4CA2A86FFA71}.Release|Win32.Build.0 = Release|Win32
	EndGlobalSection
	GlobalSection(SolutionProperties) = preSolution
		HideSolutionNode = FALSE
	EndGlobalSection
EndGlobal
